
Microsoft Visual Studio Solution File, Format Version 12.00
# Visual Studio 15
VisualStudioVersion = 15.0.28307.329
MinimumVisualStudioVersion = 10.0.40219.1
Project("{FAE04EC0-301F-11D3-BF4B-00C04F79EFBC}") = "dictonary", "dictonary\dictonary.csproj", "{39821BC6-5285-41A4-8B9B-F85CB7E5E35A}"
EndProject
Global
	GlobalSection(SolutionConfigurationPlatforms) = preSolution
		Debug|Any CPU = Debug|Any CPU
		Release|Any CPU = Release|Any CPU
	EndGlobalSection
	GlobalSection(ProjectConfigurationPlatforms) = postSolution
		{39821BC6-5285-41A4-8B9B-F85CB7E5E35A}.Debug|Any CPU.ActiveCfg = Debug|Any CPU
		{39821BC6-5285-41A4-8B9B-F85CB7E5E35A}.Debug|Any CPU.Build.0 = Debug|Any CPU
		{39821BC6-5285-41A4-8B9B-F85CB7E5E35A}.Release|Any CPU.ActiveCfg = Release|Any CPU
		{39821BC6-5285-41A4-8B9B-F85CB7E5E35A}.Release|Any CPU.Build.0 = Release|Any CPU
	EndGlobalSection
	GlobalSection(SolutionProperties) = preSolution
		HideSolutionNode = FALSE
	EndGlobalSection
	GlobalSection(ExtensibilityGlobals) = postSolution
		SolutionGuid = {BE1132F0-C880-49C7-AA76-FC5D99569EC9}
	EndGlobalSection
EndGlobal
